
Microsoft Visual Studio Solution File, Format Version 12.00
# Visual Studio 2012
Project("{FAE04EC0-301F-11D3-BF4B-00C04F79EFBC}") = "Server Application", "Server Application\Server Application.csproj", "{B835EC39-340A-4C33-9456-CBFAB398FBBD}"
	ProjectSection(ProjectDependencies) = postProject
		{988E66A3-5D5C-40C8-A350-E050D01E876F} = {988E66A3-5D5C-40C8-A350-E050D01E876F}
	EndProjectSection
EndProject
Project("{FAE04EC0-301F-11D3-BF4B-00C04F79EFBC}") = "Test", "Test\Test.csproj", "{04E0A011-537B-48E5-BABE-AAA83478CF0D}"
	ProjectSection(ProjectDependencies) = postProject
		{988E66A3-5D5C-40C8-A350-E050D01E876F} = {988E66A3-5D5C-40C8-A350-E050D01E876F}
	EndProjectSection
EndProject
Project("{FAE04EC0-301F-11D3-BF4B-00C04F79EFBC}") = "TestLib", "TestLib\TestLib.csproj", "{988E66A3-5D5C-40C8-A350-E050D01E876F}"
EndProject
Global
	GlobalSection(SolutionConfigurationPlatforms) = preSolution
		Debug|Any CPU = Debug|Any CPU
		Release|Any CPU = Release|Any CPU
	EndGlobalSection
	GlobalSection(ProjectConfigurationPlatforms) = postSolution
		{B835EC39-340A-4C33-9456-CBFAB398FBBD}.Debug|Any CPU.ActiveCfg = Debug|Any CPU
		{B835EC39-340A-4C33-9456-CBFAB398FBBD}.Debug|Any CPU.Build.0 = Debug|Any CPU
		{B835EC39-340A-4C33-9456-CBFAB398FBBD}.Release|Any CPU.ActiveCfg = Release|Any CPU
		{B835EC39-340A-4C33-9456-CBFAB398FBBD}.Release|Any CPU.Build.0 = Release|Any CPU
		{04E0A011-537B-48E5-BABE-AAA83478CF0D}.Debug|Any CPU.ActiveCfg = Debug|Any CPU
		{04E0A011-537B-48E5-BABE-AAA83478CF0D}.Debug|Any CPU.Build.0 = Debug|Any CPU
		{04E0A011-537B-48E5-BABE-AAA83478CF0D}.Release|Any CPU.ActiveCfg = Release|Any CPU
		{04E0A011-537B-48E5-BABE-AAA83478CF0D}.Release|Any CPU.Build.0 = Release|Any CPU
		{988E66A3-5D5C-40C8-A350-E050D01E876F}.Debug|Any CPU.ActiveCfg = Debug|Any CPU
		{988E66A3-5D5C-40C8-A350-E050D01E876F}.Debug|Any CPU.Build.0 = Debug|Any CPU
		{988E66A3-5D5C-40C8-A350-E050D01E876F}.Release|Any CPU.ActiveCfg = Release|Any CPU
		{988E66A3-5D5C-40C8-A350-E050D01E876F}.Release|Any CPU.Build.0 = Release|Any CPU
	EndGlobalSection
	GlobalSection(SolutionProperties) = preSolution
		HideSolutionNode = FALSE
	EndGlobalSection
EndGlobal
